// !$*UTF8*$!
{
	archiveVersion = 1;
	classes = {
	};
	objectVersion = 56;
	objects = {

/* Begin PBXBuildFile section */
		2AEA2B262B8E0972009A3D10 /* AppDelegate.swift in Sources */ = {isa = PBXBuildFile; fileRef = 2AEA2B252B8E0972009A3D10 /* AppDelegate.swift */; };
		2AEA2B282B8E0972009A3D10 /* SceneDelegate.swift in Sources */ = {isa = PBXBuildFile; fileRef = 2AEA2B272B8E0972009A3D10 /* SceneDelegate.swift */; };
		2AEA2B2A2B8E0972009A3D10 /* ViewController.swift in Sources */ = {isa = PBXBuildFile; fileRef = 2AEA2B292B8E0972009A3D10 /* ViewController.swift */; };
		2AEA2B2D2B8E0972009A3D10 /* Main.storyboard in Resources */ = {isa = PBXBuildFile; fileRef = 2AEA2B2B2B8E0972009A3D10 /* Main.storyboard */; };
		2AEA2B2F2B8E0973009A3D10 /* Assets.xcassets in Resources */ = {isa = PBXBuildFile; fileRef = 2AEA2B2E2B8E0973009A3D10 /* Assets.xcassets */; };
		2AEA2B322B8E0973009A3D10 /* LaunchScreen.storyboard in Resources */ = {isa = PBXBuildFile; fileRef = 2AEA2B302B8E0973009A3D10 /* LaunchScreen.storyboard */; };
		2AEA2B3D2B8E0974009A3D10 /* MusicAppTests.swift in Sources */ = {isa = PBXBuildFile; fileRef = 2AEA2B3C2B8E0974009A3D10 /* MusicAppTests.swift */; };
		2AEA2B472B8E0974009A3D10 /* MusicAppUITests.swift in Sources */ = {isa = PBXBuildFile; fileRef = 2AEA2B462B8E0974009A3D10 /* MusicAppUITests.swift */; };
		2AEA2B492B8E0974009A3D10 /* MusicAppUITestsLaunchTests.swift in Sources */ = {isa = PBXBuildFile; fileRef = 2AEA2B482B8E0974009A3D10 /* MusicAppUITestsLaunchTests.swift */; };
		2AEA2B572B8E09A0009A3D10 /* SnapKit in Frameworks */ = {isa = PBXBuildFile; productRef = 2AEA2B562B8E09A0009A3D10 /* SnapKit */; };
		2AEA2B592B8E09A0009A3D10 /* SnapKit-Dynamic in Frameworks */ = {isa = PBXBuildFile; productRef = 2AEA2B582B8E09A0009A3D10 /* SnapKit-Dynamic */; };
/* End PBXBuildFile section */

/* Begin PBXContainerItemProxy section */
		2AEA2B392B8E0974009A3D10 /* PBXContainerItemProxy */ = {
			isa = PBXContainerItemProxy;
			containerPortal = 2AEA2B1A2B8E0972009A3D10 /* Project object */;
			proxyType = 1;
			remoteGlobalIDString = 2AEA2B212B8E0972009A3D10;
			remoteInfo = MusicApp;
		};
		2AEA2B432B8E0974009A3D10 /* PBXContainerItemProxy */ = {
			isa = PBXContainerItemProxy;
			containerPortal = 2AEA2B1A2B8E0972009A3D10 /* Project object */;
			proxyType = 1;
			remoteGlobalIDString = 2AEA2B212B8E0972009A3D10;
			remoteInfo = MusicApp;
		};
/* End PBXContainerItemProxy section */

/* Begin PBXFileReference section */
		2AEA2B222B8E0972009A3D10 /* MusicApp.app */ = {isa = PBXFileReference; explicitFileType = wrapper.application; includeInIndex = 0; path = MusicApp.app; sourceTree = BUILT_PRODUCTS_DIR; };
		2AEA2B252B8E0972009A3D10 /* AppDelegate.swift */ = {isa = PBXFileReference; lastKnownFileType = sourcecode.swift; path = AppDelegate.swift; sourceTree = "<group>"; };
		2AEA2B272B8E0972009A3D10 /* SceneDelegate.swift */ = {isa = PBXFileReference; lastKnownFileType = sourcecode.swift; path = SceneDelegate.swift; sourceTree = "<group>"; };
		2AEA2B292B8E0972009A3D10 /* ViewController.swift */ = {isa = PBXFileReference; lastKnownFileType = sourcecode.swift; path = ViewController.swift; sourceTree = "<group>"; };
		2AEA2B2C2B8E0972009A3D10 /* Base */ = {isa = PBXFileReference; lastKnownFileType = file.storyboard; name = Base; path = Base.lproj/Main.storyboard; sourceTree = "<group>"; };
		2AEA2B2E2B8E0973009A3D10 /* Assets.xcassets */ = {isa = PBXFileReference; lastKnownFileType = folder.assetcatalog; path = Assets.xcassets; sourceTree = "<group>"; };
		2AEA2B312B8E0973009A3D10 /* Base */ = {isa = PBXFileReference; lastKnownFileType = file.storyboard; name = Base; path = Base.lproj/LaunchScreen.storyboard; sourceTree = "<group>"; };
		2AEA2B332B8E0973009A3D10 /* Info.plist */ = {isa = PBXFileReference; lastKnownFileType = text.plist.xml; path = Info.plist; sourceTree = "<group>"; };
		2AEA2B382B8E0974009A3D10 /* MusicAppTests.xctest */ = {isa = PBXFileReference; explicitFileType = wrapper.cfbundle; includeInIndex = 0; path = MusicAppTests.xctest; sourceTree = BUILT_PRODUCTS_DIR; };
		2AEA2B3C2B8E0974009A3D10 /* MusicAppTests.swift */ = {isa = PBXFileReference; lastKnownFileType = sourcecode.swift; path = MusicAppTests.swift; sourceTree = "<group>"; };
		2AEA2B422B8E0974009A3D10 /* MusicAppUITests.xctest */ = {isa = PBXFileReference; explicitFileType = wrapper.cfbundle; includeInIndex = 0; path = MusicAppUITests.xctest; sourceTree = BUILT_PRODUCTS_DIR; };
		2AEA2B462B8E0974009A3D10 /* MusicAppUITests.swift */ = {isa = PBXFileReference; lastKnownFileType = sourcecode.swift; path = MusicAppUITests.swift; sourceTree = "<group>"; };
		2AEA2B482B8E0974009A3D10 /* MusicAppUITestsLaunchTests.swift */ = {isa = PBXFileReference; lastKnownFileType = sourcecode.swift; path = MusicAppUITestsLaunchTests.swift; sourceTree = "<group>"; };
/* End PBXFileReference section */

/* Begin PBXFrameworksBuildPhase section */
		2AEA2B1F2B8E0972009A3D10 /* Frameworks */ = {
			isa = PBXFrameworksBuildPhase;
			buildActionMask = 2147483647;
			files = (
				2AEA2B572B8E09A0009A3D10 /* SnapKit in Frameworks */,
				2AEA2B592B8E09A0009A3D10 /* SnapKit-Dynamic in Frameworks */,
			);
			runOnlyForDeploymentPostprocessing = 0;
		};
		2AEA2B352B8E0974009A3D10 /* Frameworks */ = {
			isa = PBXFrameworksBuildPhase;
			buildActionMask = 2147483647;
			files = (
			);
			runOnlyForDeploymentPostprocessing = 0;
		};
		2AEA2B3F2B8E0974009A3D10 /* Frameworks */ = {
			isa = PBXFrameworksBuildPhase;
			buildActionMask = 2147483647;
			files = (
			);
			runOnlyForDeploymentPostprocessing = 0;
		};
/* End PBXFrameworksBuildPhase section */

/* Begin PBXGroup section */
		2AEA2B192B8E0972009A3D10 = {
			isa = PBXGroup;
			children = (
				2AEA2B242B8E0972009A3D10 /* MusicApp */,
				2AEA2B3B2B8E0974009A3D10 /* MusicAppTests */,
				2AEA2B452B8E0974009A3D10 /* MusicAppUITests */,
				2AEA2B232B8E0972009A3D10 /* Products */,
			);
			sourceTree = "<group>";
		};
		2AEA2B232B8E0972009A3D10 /* Products */ = {
			isa = PBXGroup;
			children = (
				2AEA2B222B8E0972009A3D10 /* MusicApp.app */,
				2AEA2B382B8E0974009A3D10 /* MusicAppTests.xctest */,
				2AEA2B422B8E0974009A3D10 /* MusicAppUITests.xctest */,
			);
			name = Products;
			sourceTree = "<group>";
		};
		2AEA2B242B8E0972009A3D10 /* MusicApp */ = {
			isa = PBXGroup;
			children = (
				2AEA2B252B8E0972009A3D10 /* AppDelegate.swift */,
				2AEA2B272B8E0972009A3D10 /* SceneDelegate.swift */,
				2AEA2B292B8E0972009A3D10 /* ViewController.swift */,
				2AEA2B2B2B8E0972009A3D10 /* Main.storyboard */,
				2AEA2B2E2B8E0973009A3D10 /* Assets.xcassets */,
				2AEA2B302B8E0973009A3D10 /* LaunchScreen.storyboard */,
				2AEA2B332B8E0973009A3D10 /* Info.plist */,
			);
			path = MusicApp;
			sourceTree = "<group>";
		};
		2AEA2B3B2B8E0974009A3D10 /* MusicAppTests */ = {
			isa = PBXGroup;
			children = (
				2AEA2B3C2B8E0974009A3D10 /* MusicAppTests.swift */,
			);
			path = MusicAppTests;
			sourceTree = "<group>";
		};
		2AEA2B452B8E0974009A3D10 /* MusicAppUITests */ = {
			isa = PBXGroup;
			children = (
				2AEA2B462B8E0974009A3D10 /* MusicAppUITests.swift */,
				2AEA2B482B8E0974009A3D10 /* MusicAppUITestsLaunchTests.swift */,
			);
			path = MusicAppUITests;
			sourceTree = "<group>";
		};
/* End PBXGroup section */

/* Begin PBXNativeTarget section */
		2AEA2B212B8E0972009A3D10 /* MusicApp */ = {
			isa = PBXNativeTarget;
			buildConfigurationList = 2AEA2B4C2B8E0974009A3D10 /* Build configuration list for PBXNativeTarget "MusicApp" */;
			buildPhases = (
				2AEA2B1E2B8E0972009A3D10 /* Sources */,
				2AEA2B1F2B8E0972009A3D10 /* Frameworks */,
				2AEA2B202B8E0972009A3D10 /* Resources */,
			);
			buildRules = (
			);
			dependencies = (
			);
			name = MusicApp;
			packageProductDependencies = (
				2AEA2B562B8E09A0009A3D10 /* SnapKit */,
				2AEA2B582B8E09A0009A3D10 /* SnapKit-Dynamic */,
			);
			productName = MusicApp;
			productReference = 2AEA2B222B8E0972009A3D10 /* MusicApp.app */;
			productType = "com.apple.product-type.application";
		};
		2AEA2B372B8E0974009A3D10 /* MusicAppTests */ = {
			isa = PBXNativeTarget;
			buildConfigurationList = 2AEA2B4F2B8E0974009A3D10 /* Build configuration list for PBXNativeTarget "MusicAppTests" */;
			buildPhases = (
				2AEA2B342B8E0974009A3D10 /* Sources */,
				2AEA2B352B8E0974009A3D10 /* Frameworks */,
				2AEA2B362B8E0974009A3D10 /* Resources */,
			);
			buildRules = (
			);
			dependencies = (
				2AEA2B3A2B8E0974009A3D10 /* PBXTargetDependency */,
			);
			name = MusicAppTests;
			productName = MusicAppTests;
			productReference = 2AEA2B382B8E0974009A3D10 /* MusicAppTests.xctest */;
			productType = "com.apple.product-type.bundle.unit-test";
		};
		2AEA2B412B8E0974009A3D10 /* MusicAppUITests */ = {
			isa = PBXNativeTarget;
			buildConfigurationList = 2AEA2B522B8E0974009A3D10 /* Build configuration list for PBXNativeTarget "MusicAppUITests" */;
			buildPhases = (
				2AEA2B3E2B8E0974009A3D10 /* Sources */,
				2AEA2B3F2B8E0974009A3D10 /* Frameworks */,
				2AEA2B402B8E0974009A3D10 /* Resources */,
			);
			buildRules = (
			);
			dependencies = (
				2AEA2B442B8E0974009A3D10 /* PBXTargetDependency */,
			);
			name = MusicAppUITests;
			productName = MusicAppUITests;
			productReference = 2AEA2B422B8E0974009A3D10 /* MusicAppUITests.xctest */;
			productType = "com.apple.product-type.bundle.ui-testing";
		};
/* End PBXNativeTarget section */

/* Begin PBXProject section */
		2AEA2B1A2B8E0972009A3D10 /* Project object */ = {
			isa = PBXProject;
			attributes = {
				BuildIndependentTargetsInParallel = 1;
				LastSwiftUpdateCheck = 1520;
				LastUpgradeCheck = 1520;
				TargetAttributes = {
					2AEA2B212B8E0972009A3D10 = {
						CreatedOnToolsVersion = 15.2;
					};
					2AEA2B372B8E0974009A3D10 = {
						CreatedOnToolsVersion = 15.2;
						TestTargetID = 2AEA2B212B8E0972009A3D10;
					};
					2AEA2B412B8E0974009A3D10 = {
						CreatedOnToolsVersion = 15.2;
						TestTargetID = 2AEA2B212B8E0972009A3D10;
					};
				};
			};
			buildConfigurationList = 2AEA2B1D2B8E0972009A3D10 /* Build configuration list for PBXProject "MusicApp" */;
			compatibilityVersion = "Xcode 14.0";
			developmentRegion = en;
			hasScannedForEncodings = 0;
			knownRegions = (
				en,
				Base,
			);
			mainGroup = 2AEA2B192B8E0972009A3D10;
			packageReferences = (
				2AEA2B552B8E09A0009A3D10 /* XCRemoteSwiftPackageReference "SnapKit" */,
			);
			productRefGroup = 2AEA2B232B8E0972009A3D10 /* Products */;
			projectDirPath = "";
			projectRoot = "";
			targets = (
				2AEA2B212B8E0972009A3D10 /* MusicApp */,
				2AEA2B372B8E0974009A3D10 /* MusicAppTests */,
				2AEA2B412B8E0974009A3D10 /* MusicAppUITests */,
			);
		};
/* End PBXProject section */

/* Begin PBXResourcesBuildPhase section */
		2AEA2B202B8E0972009A3D10 /* Resources */ = {
			isa = PBXResourcesBuildPhase;
			buildActionMask = 2147483647;
			files = (
				2AEA2B322B8E0973009A3D10 /* LaunchScreen.storyboard in Resources */,
				2AEA2B2F2B8E0973009A3D10 /* Assets.xcassets in Resources */,
				2AEA2B2D2B8E0972009A3D10 /* Main.storyboard in Resources */,
			);
			runOnlyForDeploymentPostprocessing = 0;
		};
		2AEA2B362B8E0974009A3D10 /* Resources */ = {
			isa = PBXResourcesBuildPhase;
			buildActionMask = 2147483647;
			files = (
			);
			runOnlyForDeploymentPostprocessing = 0;
		};
		2AEA2B402B8E0974009A3D10 /* Resources */ = {
			isa = PBXResourcesBuildPhase;
			buildActionMask = 2147483647;
			files = (
			);
			runOnlyForDeploymentPostprocessing = 0;
		};
/* End PBXResourcesBuildPhase section */

/* Begin PBXSourcesBuildPhase section */
		2AEA2B1E2B8E0972009A3D10 /* Sources */ = {
			isa = PBXSourcesBuildPhase;
			buildActionMask = 2147483647;
			files = (
				2AEA2B2A2B8E0972009A3D10 /* ViewController.swift in Sources */,
				2AEA2B262B8E0972009A3D10 /* AppDelegate.swift in Sources */,
				2AEA2B282B8E0972009A3D10 /* SceneDelegate.swift in Sources */,
			);
			runOnlyForDeploymentPostprocessing = 0;
		};
		2AEA2B342B8E0974009A3D10 /* Sources */ = {
			isa = PBXSourcesBuildPhase;
			buildActionMask = 2147483647;
			files = (
				2AEA2B3D2B8E0974009A3D10 /* MusicAppTests.swift in Sources */,
			);
			runOnlyForDeploymentPostprocessing = 0;
		};
		2AEA2B3E2B8E0974009A3D10 /* Sources */ = {
			isa = PBXSourcesBuildPhase;
			buildActionMask = 2147483647;
			files = (
				2AEA2B492B8E0974009A3D10 /* MusicAppUITestsLaunchTests.swift in Sources */,
				2AEA2B472B8E0974009A3D10 /* MusicAppUITests.swift in Sources */,
			);
			runOnlyForDeploymentPostprocessing = 0;
		};
/* End PBXSourcesBuildPhase section */

/* Begin PBXTargetDependency section */
		2AEA2B3A2B8E0974009A3D10 /* PBXTargetDependency */ = {
			isa = PBXTargetDependency;
			target = 2AEA2B212B8E0972009A3D10 /* MusicApp */;
			targetProxy = 2AEA2B392B8E0974009A3D10 /* PBXContainerItemProxy */;
		};
		2AEA2B442B8E0974009A3D10 /* PBXTargetDependency */ = {
			isa = PBXTargetDependency;
			target = 2AEA2B212B8E0972009A3D10 /* MusicApp */;
			targetProxy = 2AEA2B432B8E0974009A3D10 /* PBXContainerItemProxy */;
		};
/* End PBXTargetDependency section */

/* Begin PBXVariantGroup section */
		2AEA2B2B2B8E0972009A3D10 /* Main.storyboard */ = {
			isa = PBXVariantGroup;
			children = (
				2AEA2B2C2B8E0972009A3D10 /* Base */,
			);
			name = Main.storyboard;
			sourceTree = "<group>";
		};
		2AEA2B302B8E0973009A3D10 /* LaunchScreen.storyboard */ = {
			isa = PBXVariantGroup;
			children = (
				2AEA2B312B8E0973009A3D10 /* Base */,
			);
			name = LaunchScreen.storyboard;
			sourceTree = "<group>";
		};
/* End PBXVariantGroup section */

/* Begin XCBuildConfiguration section */
		2AEA2B4A2B8E0974009A3D10 /* Debug */ = {
			isa = XCBuildConfiguration;
			buildSettings = {
				ALWAYS_SEARCH_USER_PATHS = NO;
				ASSETCATALOG_COMPILER_GENERATE_SWIFT_ASSET_SYMBOL_EXTENSIONS = YES;
				CLANG_ANALYZER_NONNULL = YES;
				CLANG_ANALYZER_NUMBER_OBJECT_CONVERSION = YES_AGGRESSIVE;
				CLANG_CXX_LANGUAGE_STANDARD = "gnu++20";
				CLANG_ENABLE_MODULES = YES;
				CLANG_ENABLE_OBJC_ARC = YES;
				CLANG_ENABLE_OBJC_WEAK = YES;
				CLANG_WARN_BLOCK_CAPTURE_AUTORELEASING = YES;
				CLANG_WARN_BOOL_CONVERSION = YES;
				CLANG_WARN_COMMA = YES;
				CLANG_WARN_CONSTANT_CONVERSION = YES;
				CLANG_WARN_DEPRECATED_OBJC_IMPLEMENTATIONS = YES;
				CLANG_WARN_DIRECT_OBJC_ISA_USAGE = YES_ERROR;
				CLANG_WARN_DOCUMENTATION_COMMENTS = YES;
				CLANG_WARN_EMPTY_BODY = YES;
				CLANG_WARN_ENUM_CONVERSION = YES;
				CLANG_WARN_INFINITE_RECURSION = YES;
				CLANG_WARN_INT_CONVERSION = YES;
				CLANG_WARN_NON_LITERAL_NULL_CONVERSION = YES;
				CLANG_WARN_OBJC_IMPLICIT_RETAIN_SELF = YES;
				CLANG_WARN_OBJC_LITERAL_CONVERSION = YES;
				CLANG_WARN_OBJC_ROOT_CLASS = YES_ERROR;
				CLANG_WARN_QUOTED_INCLUDE_IN_FRAMEWORK_HEADER = YES;
				CLANG_WARN_RANGE_LOOP_ANALYSIS = YES;
				CLANG_WARN_STRICT_PROTOTYPES = YES;
				CLANG_WARN_SUSPICIOUS_MOVE = YES;
				CLANG_WARN_UNGUARDED_AVAILABILITY = YES_AGGRESSIVE;
				CLANG_WARN_UNREACHABLE_CODE = YES;
				CLANG_WARN__DUPLICATE_METHOD_MATCH = YES;
				COPY_PHASE_STRIP = NO;
				DEBUG_INFORMATION_FORMAT = dwarf;
				ENABLE_STRICT_OBJC_MSGSEND = YES;
				ENABLE_TESTABILITY = YES;
				ENABLE_USER_SCRIPT_SANDBOXING = YES;
				GCC_C_LANGUAGE_STANDARD = gnu17;
				GCC_DYNAMIC_NO_PIC = NO;
				GCC_NO_COMMON_BLOCKS = YES;
				GCC_OPTIMIZATION_LEVEL = 0;
				GCC_PREPROCESSOR_DEFINITIONS = (
					"DEBUG=1",
					"$(inherited)",
				);
				GCC_WARN_64_TO_32_BIT_CONVERSION = YES;
				GCC_WARN_ABOUT_RETURN_TYPE = YES_ERROR;
				GCC_WARN_UNDECLARED_SELECTOR = YES;
				GCC_WARN_UNINITIALIZED_AUTOS = YES_AGGRESSIVE;
				GCC_WARN_UNUSED_FUNCTION = YES;
				GCC_WARN_UNUSED_VARIABLE = YES;
				IPHONEOS_DEPLOYMENT_TARGET = 17.2;
				LOCALIZATION_PREFERS_STRING_CATALOGS = YES;
				MTL_ENABLE_DEBUG_INFO = INCLUDE_SOURCE;
				MTL_FAST_MATH = YES;
				ONLY_ACTIVE_ARCH = YES;
				SDKROOT = iphoneos;
				SWIFT_ACTIVE_COMPILATION_CONDITIONS = "DEBUG $(inherited)";
				SWIFT_OPTIMIZATION_LEVEL = "-Onone";
			};
			name = Debug;
		};
		2AEA2B4B2B8E0974009A3D10 /* Release */ = {
			isa = XCBuildConfiguration;
			buildSettings = {
				ALWAYS_SEARCH_USER_PATHS = NO;
				ASSETCATALOG_COMPILER_GENERATE_SWIFT_ASSET_SYMBOL_EXTENSIONS = YES;
				CLANG_ANALYZER_NONNULL = YES;
				CLANG_ANALYZER_NUMBER_OBJECT_CONVERSION = YES_AGGRESSIVE;
				CLANG_CXX_LANGUAGE_STANDARD = "gnu++20";
				CLANG_ENABLE_MODULES = YES;
				CLANG_ENABLE_OBJC_ARC = YES;
				CLANG_ENABLE_OBJC_WEAK = YES;
				CLANG_WARN_BLOCK_CAPTURE_AUTORELEASING = YES;
				CLANG_WARN_BOOL_CONVERSION = YES;
				CLANG_WARN_COMMA = YES;
				CLANG_WARN_CONSTANT_CONVERSION = YES;
				CLANG_WARN_DEPRECATED_OBJC_IMPLEMENTATIONS = YES;
				CLANG_WARN_DIRECT_OBJC_ISA_USAGE = YES_ERROR;
				CLANG_WARN_DOCUMENTATION_COMMENTS = YES;
				CLANG_WARN_EMPTY_BODY = YES;
				CLANG_WARN_ENUM_CONVERSION = YES;
				CLANG_WARN_INFINITE_RECURSION = YES;
				CLANG_WARN_INT_CONVERSION = YES;
				CLANG_WARN_NON_LITERAL_NULL_CONVERSION = YES;
				CLANG_WARN_OBJC_IMPLICIT_RETAIN_SELF = YES;
				CLANG_WARN_OBJC_LITERAL_CONVERSION = YES;
				CLANG_WARN_OBJC_ROOT_CLASS = YES_ERROR;
				CLANG_WARN_QUOTED_INCLUDE_IN_FRAMEWORK_HEADER = YES;
				CLANG_WARN_RANGE_LOOP_ANALYSIS = YES;
				CLANG_WARN_STRICT_PROTOTYPES = YES;
				CLANG_WARN_SUSPICIOUS_MOVE = YES;
				CLANG_WARN_UNGUARDED_AVAILABILITY = YES_AGGRESSIVE;
				CLANG_WARN_UNREACHABLE_CODE = YES;
				CLANG_WARN__DUPLICATE_METHOD_MATCH = YES;
				COPY_PHASE_STRIP = NO;
				DEBUG_INFORMATION_FORMAT = "dwarf-with-dsym";
				ENABLE_NS_ASSERTIONS = NO;
				ENABLE_STRICT_OBJC_MSGSEND = YES;
				ENABLE_USER_SCRIPT_SANDBOXING = YES;
				GCC_C_LANGUAGE_STANDARD = gnu17;
				GCC_NO_COMMON_BLOCKS = YES;
				GCC_WARN_64_TO_32_BIT_CONVERSION = YES;
				GCC_WARN_ABOUT_RETURN_TYPE = YES_ERROR;
				GCC_WARN_UNDECLARED_SELECTOR = YES;
				GCC_WARN_UNINITIALIZED_AUTOS = YES_AGGRESSIVE;
				GCC_WARN_UNUSED_FUNCTION = YES;
				GCC_WARN_UNUSED_VARIABLE = YES;
				IPHONEOS_DEPLOYMENT_TARGET = 17.2;
				LOCALIZATION_PREFERS_STRING_CATALOGS = YES;
				MTL_ENABLE_DEBUG_INFO = NO;
				MTL_FAST_MATH = YES;
				SDKROOT = iphoneos;
				SWIFT_COMPILATION_MODE = wholemodule;
				VALIDATE_PRODUCT = YES;
			};
			name = Release;
		};
		2AEA2B4D2B8E0974009A3D10 /* Debug */ = {
			isa = XCBuildConfiguration;
			buildSettings = {
				ASSETCATALOG_COMPILER_APPICON_NAME = AppIcon;
				ASSETCATALOG_COMPILER_GLOBAL_ACCENT_COLOR_NAME = AccentColor;
				CODE_SIGN_STYLE = Automatic;
				CURRENT_PROJECT_VERSION = 1;
				GENERATE_INFOPLIST_FILE = YES;
				INFOPLIST_FILE = MusicApp/Info.plist;
				INFOPLIST_KEY_UIApplicationSupportsIndirectInputEvents = YES;
				INFOPLIST_KEY_UILaunchStoryboardName = LaunchScreen;
				INFOPLIST_KEY_UIMainStoryboardFile = Main;
				INFOPLIST_KEY_UISupportedInterfaceOrientations_iPad = "UIInterfaceOrientationPortrait UIInterfaceOrientationPortraitUpsideDown UIInterfaceOrientationLandscapeLeft UIInterfaceOrientationLandscapeRight";
				INFOPLIST_KEY_UISupportedInterfaceOrientations_iPhone = "UIInterfaceOrientationPortrait UIInterfaceOrientationLandscapeLeft UIInterfaceOrientationLandscapeRight";
				LD_RUNPATH_SEARCH_PATHS = (
					"$(inherited)",
					"@executable_path/Frameworks",
				);
				MARKETING_VERSION = 1.0;
				PRODUCT_BUNDLE_IDENTIFIER = com.forssa.MusicApp;
				PRODUCT_NAME = "$(TARGET_NAME)";
				SWIFT_EMIT_LOC_STRINGS = YES;
				SWIFT_VERSION = 5.0;
				TARGETED_DEVICE_FAMILY = "1,2";
			};
			name = Debug;
		};
		2AEA2B4E2B8E0974009A3D10 /* Release */ = {
			isa = XCBuildConfiguration;
			buildSettings = {
				ASSETCATALOG_COMPILER_APPICON_NAME = AppIcon;
				ASSETCATALOG_COMPILER_GLOBAL_ACCENT_COLOR_NAME = AccentColor;
				CODE_SIGN_STYLE = Automatic;
				CURRENT_PROJECT_VERSION = 1;
				GENERATE_INFOPLIST_FILE = YES;
				INFOPLIST_FILE = MusicApp/Info.plist;
				INFOPLIST_KEY_UIApplicationSupportsIndirectInputEvents = YES;
				INFOPLIST_KEY_UILaunchStoryboardName = LaunchScreen;
				INFOPLIST_KEY_UIMainStoryboardFile = Main;
				INFOPLIST_KEY_UISupportedInterfaceOrientations_iPad = "UIInterfaceOrientationPortrait UIInterfaceOrientationPortraitUpsideDown UIInterfaceOrientationLandscapeLeft UIInterfaceOrientationLandscapeRight";
				INFOPLIST_KEY_UISupportedInterfaceOrientations_iPhone = "UIInterfaceOrientationPortrait UIInterfaceOrientationLandscapeLeft UIInterfaceOrientationLandscapeRight";
				LD_RUNPATH_SEARCH_PATHS = (
					"$(inherited)",
					"@executable_path/Frameworks",
				);
				MARKETING_VERSION = 1.0;
				PRODUCT_BUNDLE_IDENTIFIER = com.forssa.MusicApp;
				PRODUCT_NAME = "$(TARGET_NAME)";
				SWIFT_EMIT_LOC_STRINGS = YES;
				SWIFT_VERSION = 5.0;
				TARGETED_DEVICE_FAMILY = "1,2";
			};
			name = Release;
		};
		2AEA2B502B8E0974009A3D10 /* Debug */ = {
			isa = XCBuildConfiguration;
			buildSettings = {
				ALWAYS_EMBED_SWIFT_STANDARD_LIBRARIES = YES;
				BUNDLE_LOADER = "$(TEST_HOST)";
				CODE_SIGN_STYLE = Automatic;
				CURRENT_PROJECT_VERSION = 1;
				GENERATE_INFOPLIST_FILE = YES;
				IPHONEOS_DEPLOYMENT_TARGET = 17.2;
				MARKETING_VERSION = 1.0;
				PRODUCT_BUNDLE_IDENTIFIER = com.forssa.MusicAppTests;
				PRODUCT_NAME = "$(TARGET_NAME)";
				SWIFT_EMIT_LOC_STRINGS = NO;
				SWIFT_VERSION = 5.0;
				TARGETED_DEVICE_FAMILY = "1,2";
				TEST_HOST = "$(BUILT_PRODUCTS_DIR)/MusicApp.app/$(BUNDLE_EXECUTABLE_FOLDER_PATH)/MusicApp";
			};
			name = Debug;
		};
		2AEA2B512B8E0974009A3D10 /* Release */ = {
			isa = XCBuildConfiguration;
			buildSettings = {
				ALWAYS_EMBED_SWIFT_STANDARD_LIBRARIES = YES;
				BUNDLE_LOADER = "$(TEST_HOST)";
				CODE_SIGN_STYLE = Automatic;
				CURRENT_PROJECT_VERSION = 1;
				GENERATE_INFOPLIST_FILE = YES;
				IPHONEOS_DEPLOYMENT_TARGET = 17.2;
				MARKETING_VERSION = 1.0;
				PRODUCT_BUNDLE_IDENTIFIER = com.forssa.MusicAppTests;
				PRODUCT_NAME = "$(TARGET_NAME)";
				SWIFT_EMIT_LOC_STRINGS = NO;
				SWIFT_VERSION = 5.0;
				TARGETED_DEVICE_FAMILY = "1,2";
				TEST_HOST = "$(BUILT_PRODUCTS_DIR)/MusicApp.app/$(BUNDLE_EXECUTABLE_FOLDER_PATH)/MusicApp";
			};
			name = Release;
		};
		2AEA2B532B8E0974009A3D10 /* Debug */ = {
			isa = XCBuildConfiguration;
			buildSettings = {
				ALWAYS_EMBED_SWIFT_STANDARD_LIBRARIES = YES;
				CODE_SIGN_STYLE = Automatic;
				CURRENT_PROJECT_VERSION = 1;
				GENERATE_INFOPLIST_FILE = YES;
				MARKETING_VERSION = 1.0;
				PRODUCT_BUNDLE_IDENTIFIER = com.forssa.MusicAppUITests;
				PRODUCT_NAME = "$(TARGET_NAME)";
				SWIFT_EMIT_LOC_STRINGS = NO;
				SWIFT_VERSION = 5.0;
				TARGETED_DEVICE_FAMILY = "1,2";
				TEST_TARGET_NAME = MusicApp;
			};
			name = Debug;
		};
		2AEA2B542B8E0974009A3D10 /* Release */ = {
			isa = XCBuildConfiguration;
			buildSettings = {
				ALWAYS_EMBED_SWIFT_STANDARD_LIBRARIES = YES;
				CODE_SIGN_STYLE = Automatic;
				CURRENT_PROJECT_VERSION = 1;
				GENERATE_INFOPLIST_FILE = YES;
				MARKETING_VERSION = 1.0;
				PRODUCT_BUNDLE_IDENTIFIER = com.forssa.MusicAppUITests;
				PRODUCT_NAME = "$(TARGET_NAME)";
				SWIFT_EMIT_LOC_STRINGS = NO;
				SWIFT_VERSION = 5.0;
				TARGETED_DEVICE_FAMILY = "1,2";
				TEST_TARGET_NAME = MusicApp;
			};
			name = Release;
		};
/* End XCBuildConfiguration section */

/* Begin XCConfigurationList section */
		2AEA2B1D2B8E0972009A3D10 /* Build configuration list for PBXProject "MusicApp" */ = {
			isa = XCConfigurationList;
			buildConfigurations = (
				2AEA2B4A2B8E0974009A3D10 /* Debug */,
				2AEA2B4B2B8E0974009A3D10 /* Release */,
			);
			defaultConfigurationIsVisible = 0;
			defaultConfigurationName = Release;
		};
		2AEA2B4C2B8E0974009A3D10 /* Build configuration list for PBXNativeTarget "MusicApp" */ = {
			isa = XCConfigurationList;
			buildConfigurations = (
				2AEA2B4D2B8E0974009A3D10 /* Debug */,
				2AEA2B4E2B8E0974009A3D10 /* Release */,
			);
			defaultConfigurationIsVisible = 0;
			defaultConfigurationName = Release;
		};
		2AEA2B4F2B8E0974009A3D10 /* Build configuration list for PBXNativeTarget "MusicAppTests" */ = {
			isa = XCConfigurationList;
			buildConfigurations = (
				2AEA2B502B8E0974009A3D10 /* Debug */,
				2AEA2B512B8E0974009A3D10 /* Release */,
			);
			defaultConfigurationIsVisible = 0;
			defaultConfigurationName = Release;
		};
		2AEA2B522B8E0974009A3D10 /* Build configuration list for PBXNativeTarget "MusicAppUITests" */ = {
			isa = XCConfigurationList;
			buildConfigurations = (
				2AEA2B532B8E0974009A3D10 /* Debug */,
				2AEA2B542B8E0974009A3D10 /* Release */,
			);
			defaultConfigurationIsVisible = 0;
			defaultConfigurationName = Release;
		};
/* End XCConfigurationList section */

/* Begin XCRemoteSwiftPackageReference section */
		2AEA2B552B8E09A0009A3D10 /* XCRemoteSwiftPackageReference "SnapKit" */ = {
			isa = XCRemoteSwiftPackageReference;
			repositoryURL = "https://github.com/SnapKit/SnapKit.git";
			requirement = {
				kind = upToNextMajorVersion;
				minimumVersion = 5.7.1;
			};
		};
/* End XCRemoteSwiftPackageReference section */

/* Begin XCSwiftPackageProductDependency section */
		2AEA2B562B8E09A0009A3D10 /* SnapKit */ = {
			isa = XCSwiftPackageProductDependency;
			package = 2AEA2B552B8E09A0009A3D10 /* XCRemoteSwiftPackageReference "SnapKit" */;
			productName = SnapKit;
		};
		2AEA2B582B8E09A0009A3D10 /* SnapKit-Dynamic */ = {
			isa = XCSwiftPackageProductDependency;
			package = 2AEA2B552B8E09A0009A3D10 /* XCRemoteSwiftPackageReference "SnapKit" */;
			productName = "SnapKit-Dynamic";
		};
/* End XCSwiftPackageProductDependency section */
	};
	rootObject = 2AEA2B1A2B8E0972009A3D10 /* Project object */;
}
